
Microsoft Visual Studio Solution File, Format Version 12.00
# Visual Studio Version 16
VisualStudioVersion = 16.0.32510.428
MinimumVisualStudioVersion = 10.0.40219.1
Project("{FAE04EC0-301F-11D3-BF4B-00C04F79EFBC}") = "BindingDemo.Android", "BindingDemo.Android\BindingDemo.Android.csproj", "{CA76F39D-1745-432C-AE6C-C808A478D925}"
EndProject
Project("{FAE04EC0-301F-11D3-BF4B-00C04F79EFBC}") = "BindingDemo.iOS", "BindingDemo.iOS\BindingDemo.iOS.csproj", "{F667C78E-A8B3-40D4-94AA-C2120EE106F7}"
EndProject
Project("{FAE04EC0-301F-11D3-BF4B-00C04F79EFBC}") = "BindingDemo", "BindingDemo\BindingDemo.csproj", "{81C4107A-F44B-4D0B-8B66-3CA3B19572A5}"
EndProject
Global
	GlobalSection(SolutionConfigurationPlatforms) = preSolution
		Debug|Any CPU = Debug|Any CPU
		Debug|iPhone = Debug|iPhone
		Debug|iPhoneSimulator = Debug|iPhoneSimulator
		Release|Any CPU = Release|Any CPU
		Release|iPhone = Release|iPhone
		Release|iPhoneSimulator = Release|iPhoneSimulator
	EndGlobalSection
	GlobalSection(ProjectConfigurationPlatforms) = postSolution
		{CA76F39D-1745-432C-AE6C-C808A478D925}.Debug|Any CPU.ActiveCfg = Debug|Any CPU
		{CA76F39D-1745-432C-AE6C-C808A478D925}.Debug|Any CPU.Build.0 = Debug|Any CPU
		{CA76F39D-1745-432C-AE6C-C808A478D925}.Debug|Any CPU.Deploy.0 = Debug|Any CPU
		{CA76F39D-1745-432C-AE6C-C808A478D925}.Debug|iPhone.ActiveCfg = Debug|Any CPU
		{CA76F39D-1745-432C-AE6C-C808A478D925}.Debug|iPhone.Build.0 = Debug|Any CPU
		{CA76F39D-1745-432C-AE6C-C808A478D925}.Debug|iPhone.Deploy.0 = Debug|Any CPU
		{CA76F39D-1745-432C-AE6C-C808A478D925}.Debug|iPhoneSimulator.ActiveCfg = Debug|Any CPU
		{CA76F39D-1745-432C-AE6C-C808A478D925}.Debug|iPhoneSimulator.Build.0 = Debug|Any CPU
		{CA76F39D-1745-432C-AE6C-C808A478D925}.Debug|iPhoneSimulator.Deploy.0 = Debug|Any CPU
		{CA76F39D-1745-432C-AE6C-C808A478D925}.Release|Any CPU.ActiveCfg = Release|Any CPU
		{CA76F39D-1745-432C-AE6C-C808A478D925}.Release|Any CPU.Build.0 = Release|Any CPU
		{CA76F39D-1745-432C-AE6C-C808A478D925}.Release|Any CPU.Deploy.0 = Release|Any CPU
		{CA76F39D-1745-432C-AE6C-C808A478D925}.Release|iPhone.ActiveCfg = Release|Any CPU
		{CA76F39D-1745-432C-AE6C-C808A478D925}.Release|iPhone.Build.0 = Release|Any CPU
		{CA76F39D-1745-432C-AE6C-C808A478D925}.Release|iPhone.Deploy.0 = Release|Any CPU
		{CA76F39D-1745-432C-AE6C-C808A478D925}.Release|iPhoneSimulator.ActiveCfg = Release|Any CPU
		{CA76F39D-1745-432C-AE6C-C808A478D925}.Release|iPhoneSimulator.Build.0 = Release|Any CPU
		{CA76F39D-1745-432C-AE6C-C808A478D925}.Release|iPhoneSimulator.Deploy.0 = Release|Any CPU
		{F667C78E-A8B3-40D4-94AA-C2120EE106F7}.Debug|Any CPU.ActiveCfg = Debug|iPhone
		{F667C78E-A8B3-40D4-94AA-C2120EE106F7}.Debug|Any CPU.Build.0 = Debug|iPhone
		{F667C78E-A8B3-40D4-94AA-C2120EE106F7}.Debug|Any CPU.Deploy.0 = Debug|iPhone
		{F667C78E-A8B3-40D4-94AA-C2120EE106F7}.Debug|iPhone.ActiveCfg = Debug|iPhone
		{F667C78E-A8B3-40D4-94AA-C2120EE106F7}.Debug|iPhone.Build.0 = Debug|iPhone
		{F667C78E-A8B3-40D4-94AA-C2120EE106F7}.Debug|iPhone.Deploy.0 = Debug|iPhone
		{F667C78E-A8B3-40D4-94AA-C2120EE106F7}.Debug|iPhoneSimulator.ActiveCfg = Debug|iPhoneSimulator
		{F667C78E-A8B3-40D4-94AA-C2120EE106F7}.Debug|iPhoneSimulator.Build.0 = Debug|iPhoneSimulator
		{F667C78E-A8B3-40D4-94AA-C2120EE106F7}.Debug|iPhoneSimulator.Deploy.0 = Debug|iPhoneSimulator
		{F667C78E-A8B3-40D4-94AA-C2120EE106F7}.Release|Any CPU.ActiveCfg = Release|iPhoneSimulator
		{F667C78E-A8B3-40D4-94AA-C2120EE106F7}.Release|Any CPU.Build.0 = Release|iPhoneSimulator
		{F667C78E-A8B3-40D4-94AA-C2120EE106F7}.Release|Any CPU.Deploy.0 = Release|iPhoneSimulator
		{F667C78E-A8B3-40D4-94AA-C2120EE106F7}.Release|iPhone.ActiveCfg = Release|iPhone
		{F667C78E-A8B3-40D4-94AA-C2120EE106F7}.Release|iPhone.Build.0 = Release|iPhone
		{F667C78E-A8B3-40D4-94AA-C2120EE106F7}.Release|iPhone.Deploy.0 = Release|iPhone
		{F667C78E-A8B3-40D4-94AA-C2120EE106F7}.Release|iPhoneSimulator.ActiveCfg = Release|iPhoneSimulator
		{F667C78E-A8B3-40D4-94AA-C2120EE106F7}.Release|iPhoneSimulator.Build.0 = Release|iPhoneSimulator
		{F667C78E-A8B3-40D4-94AA-C2120EE106F7}.Release|iPhoneSimulator.Deploy.0 = Release|iPhoneSimulator
		{81C4107A-F44B-4D0B-8B66-3CA3B19572A5}.Debug|Any CPU.ActiveCfg = Debug|Any CPU
		{81C4107A-F44B-4D0B-8B66-3CA3B19572A5}.Debug|Any CPU.Build.0 = Debug|Any CPU
		{81C4107A-F44B-4D0B-8B66-3CA3B19572A5}.Debug|Any CPU.Deploy.0 = Debug|Any CPU
		{81C4107A-F44B-4D0B-8B66-3CA3B19572A5}.Debug|iPhone.ActiveCfg = Debug|Any CPU
		{81C4107A-F44B-4D0B-8B66-3CA3B19572A5}.Debug|iPhone.Build.0 = Debug|Any CPU
		{81C4107A-F44B-4D0B-8B66-3CA3B19572A5}.Debug|iPhone.Deploy.0 = Debug|Any CPU
		{81C4107A-F44B-4D0B-8B66-3CA3B19572A5}.Debug|iPhoneSimulator.ActiveCfg = Debug|Any CPU
		{81C4107A-F44B-4D0B-8B66-3CA3B19572A5}.Debug|iPhoneSimulator.Build.0 = Debug|Any CPU
		{81C4107A-F44B-4D0B-8B66-3CA3B19572A5}.Debug|iPhoneSimulator.Deploy.0 = Debug|Any CPU
		{81C4107A-F44B-4D0B-8B66-3CA3B19572A5}.Release|Any CPU.ActiveCfg = Release|Any CPU
		{81C4107A-F44B-4D0B-8B66-3CA3B19572A5}.Release|Any CPU.Build.0 = Release|Any CPU
		{81C4107A-F44B-4D0B-8B66-3CA3B19572A5}.Release|Any CPU.Deploy.0 = Release|Any CPU
		{81C4107A-F44B-4D0B-8B66-3CA3B19572A5}.Release|iPhone.ActiveCfg = Release|Any CPU
		{81C4107A-F44B-4D0B-8B66-3CA3B19572A5}.Release|iPhone.Build.0 = Release|Any CPU
		{81C4107A-F44B-4D0B-8B66-3CA3B19572A5}.Release|iPhone.Deploy.0 = Release|Any CPU
		{81C4107A-F44B-4D0B-8B66-3CA3B19572A5}.Release|iPhoneSimulator.ActiveCfg = Release|Any CPU
		{81C4107A-F44B-4D0B-8B66-3CA3B19572A5}.Release|iPhoneSimulator.Build.0 = Release|Any CPU
		{81C4107A-F44B-4D0B-8B66-3CA3B19572A5}.Release|iPhoneSimulator.Deploy.0 = Release|Any CPU
	EndGlobalSection
	GlobalSection(SolutionProperties) = preSolution
		HideSolutionNode = FALSE
	EndGlobalSection
	GlobalSection(ExtensibilityGlobals) = postSolution
		SolutionGuid = {CAB7D063-6062-4B48-9217-4BE8BF9A0B69}
	EndGlobalSection
EndGlobal
