
Microsoft Visual Studio Solution File, Format Version 12.00
# Visual Studio Version 16
VisualStudioVersion = 16.0.32510.428
MinimumVisualStudioVersion = 10.0.40219.1
Project("{FAE04EC0-301F-11D3-BF4B-00C04F79EFBC}") = "BurgerSpotXamarin.Android", "BurgerSpotXamarin.Android\BurgerSpotXamarin.Android.csproj", "{9B5ADEFF-41E2-4DF2-9A1A-5581B9139D6A}"
EndProject
Project("{FAE04EC0-301F-11D3-BF4B-00C04F79EFBC}") = "BurgerSpotXamarin.iOS", "BurgerSpotXamarin.iOS\BurgerSpotXamarin.iOS.csproj", "{16816DF2-9481-48D1-96AF-B0F7CC1323AF}"
EndProject
Project("{FAE04EC0-301F-11D3-BF4B-00C04F79EFBC}") = "BurgerSpotXamarin", "BurgerSpotXamarin\BurgerSpotXamarin.csproj", "{4E22DB09-FB01-484B-A886-C84F4E0B1535}"
EndProject
Global
	GlobalSection(SolutionConfigurationPlatforms) = preSolution
		Debug|Any CPU = Debug|Any CPU
		Debug|iPhone = Debug|iPhone
		Debug|iPhoneSimulator = Debug|iPhoneSimulator
		Release|Any CPU = Release|Any CPU
		Release|iPhone = Release|iPhone
		Release|iPhoneSimulator = Release|iPhoneSimulator
	EndGlobalSection
	GlobalSection(ProjectConfigurationPlatforms) = postSolution
		{9B5ADEFF-41E2-4DF2-9A1A-5581B9139D6A}.Debug|Any CPU.ActiveCfg = Debug|Any CPU
		{9B5ADEFF-41E2-4DF2-9A1A-5581B9139D6A}.Debug|Any CPU.Build.0 = Debug|Any CPU
		{9B5ADEFF-41E2-4DF2-9A1A-5581B9139D6A}.Debug|Any CPU.Deploy.0 = Debug|Any CPU
		{9B5ADEFF-41E2-4DF2-9A1A-5581B9139D6A}.Debug|iPhone.ActiveCfg = Debug|Any CPU
		{9B5ADEFF-41E2-4DF2-9A1A-5581B9139D6A}.Debug|iPhone.Build.0 = Debug|Any CPU
		{9B5ADEFF-41E2-4DF2-9A1A-5581B9139D6A}.Debug|iPhone.Deploy.0 = Debug|Any CPU
		{9B5ADEFF-41E2-4DF2-9A1A-5581B9139D6A}.Debug|iPhoneSimulator.ActiveCfg = Debug|Any CPU
		{9B5ADEFF-41E2-4DF2-9A1A-5581B9139D6A}.Debug|iPhoneSimulator.Build.0 = Debug|Any CPU
		{9B5ADEFF-41E2-4DF2-9A1A-5581B9139D6A}.Debug|iPhoneSimulator.Deploy.0 = Debug|Any CPU
		{9B5ADEFF-41E2-4DF2-9A1A-5581B9139D6A}.Release|Any CPU.ActiveCfg = Release|Any CPU
		{9B5ADEFF-41E2-4DF2-9A1A-5581B9139D6A}.Release|Any CPU.Build.0 = Release|Any CPU
		{9B5ADEFF-41E2-4DF2-9A1A-5581B9139D6A}.Release|Any CPU.Deploy.0 = Release|Any CPU
		{9B5ADEFF-41E2-4DF2-9A1A-5581B9139D6A}.Release|iPhone.ActiveCfg = Release|Any CPU
		{9B5ADEFF-41E2-4DF2-9A1A-5581B9139D6A}.Release|iPhone.Build.0 = Release|Any CPU
		{9B5ADEFF-41E2-4DF2-9A1A-5581B9139D6A}.Release|iPhone.Deploy.0 = Release|Any CPU
		{9B5ADEFF-41E2-4DF2-9A1A-5581B9139D6A}.Release|iPhoneSimulator.ActiveCfg = Release|Any CPU
		{9B5ADEFF-41E2-4DF2-9A1A-5581B9139D6A}.Release|iPhoneSimulator.Build.0 = Release|Any CPU
		{9B5ADEFF-41E2-4DF2-9A1A-5581B9139D6A}.Release|iPhoneSimulator.Deploy.0 = Release|Any CPU
		{16816DF2-9481-48D1-96AF-B0F7CC1323AF}.Debug|Any CPU.ActiveCfg = Debug|iPhone
		{16816DF2-9481-48D1-96AF-B0F7CC1323AF}.Debug|Any CPU.Build.0 = Debug|iPhone
		{16816DF2-9481-48D1-96AF-B0F7CC1323AF}.Debug|Any CPU.Deploy.0 = Debug|iPhone
		{16816DF2-9481-48D1-96AF-B0F7CC1323AF}.Debug|iPhone.ActiveCfg = Debug|iPhone
		{16816DF2-9481-48D1-96AF-B0F7CC1323AF}.Debug|iPhone.Build.0 = Debug|iPhone
		{16816DF2-9481-48D1-96AF-B0F7CC1323AF}.Debug|iPhone.Deploy.0 = Debug|iPhone
		{16816DF2-9481-48D1-96AF-B0F7CC1323AF}.Debug|iPhoneSimulator.ActiveCfg = Debug|iPhoneSimulator
		{16816DF2-9481-48D1-96AF-B0F7CC1323AF}.Debug|iPhoneSimulator.Build.0 = Debug|iPhoneSimulator
		{16816DF2-9481-48D1-96AF-B0F7CC1323AF}.Debug|iPhoneSimulator.Deploy.0 = Debug|iPhoneSimulator
		{16816DF2-9481-48D1-96AF-B0F7CC1323AF}.Release|Any CPU.ActiveCfg = Release|iPhoneSimulator
		{16816DF2-9481-48D1-96AF-B0F7CC1323AF}.Release|Any CPU.Build.0 = Release|iPhoneSimulator
		{16816DF2-9481-48D1-96AF-B0F7CC1323AF}.Release|Any CPU.Deploy.0 = Release|iPhoneSimulator
		{16816DF2-9481-48D1-96AF-B0F7CC1323AF}.Release|iPhone.ActiveCfg = Release|iPhone
		{16816DF2-9481-48D1-96AF-B0F7CC1323AF}.Release|iPhone.Build.0 = Release|iPhone
		{16816DF2-9481-48D1-96AF-B0F7CC1323AF}.Release|iPhone.Deploy.0 = Release|iPhone
		{16816DF2-9481-48D1-96AF-B0F7CC1323AF}.Release|iPhoneSimulator.ActiveCfg = Release|iPhoneSimulator
		{16816DF2-9481-48D1-96AF-B0F7CC1323AF}.Release|iPhoneSimulator.Build.0 = Release|iPhoneSimulator
		{16816DF2-9481-48D1-96AF-B0F7CC1323AF}.Release|iPhoneSimulator.Deploy.0 = Release|iPhoneSimulator
		{4E22DB09-FB01-484B-A886-C84F4E0B1535}.Debug|Any CPU.ActiveCfg = Debug|Any CPU
		{4E22DB09-FB01-484B-A886-C84F4E0B1535}.Debug|Any CPU.Build.0 = Debug|Any CPU
		{4E22DB09-FB01-484B-A886-C84F4E0B1535}.Debug|Any CPU.Deploy.0 = Debug|Any CPU
		{4E22DB09-FB01-484B-A886-C84F4E0B1535}.Debug|iPhone.ActiveCfg = Debug|Any CPU
		{4E22DB09-FB01-484B-A886-C84F4E0B1535}.Debug|iPhone.Build.0 = Debug|Any CPU
		{4E22DB09-FB01-484B-A886-C84F4E0B1535}.Debug|iPhone.Deploy.0 = Debug|Any CPU
		{4E22DB09-FB01-484B-A886-C84F4E0B1535}.Debug|iPhoneSimulator.ActiveCfg = Debug|Any CPU
		{4E22DB09-FB01-484B-A886-C84F4E0B1535}.Debug|iPhoneSimulator.Build.0 = Debug|Any CPU
		{4E22DB09-FB01-484B-A886-C84F4E0B1535}.Debug|iPhoneSimulator.Deploy.0 = Debug|Any CPU
		{4E22DB09-FB01-484B-A886-C84F4E0B1535}.Release|Any CPU.ActiveCfg = Release|Any CPU
		{4E22DB09-FB01-484B-A886-C84F4E0B1535}.Release|Any CPU.Build.0 = Release|Any CPU
		{4E22DB09-FB01-484B-A886-C84F4E0B1535}.Release|Any CPU.Deploy.0 = Release|Any CPU
		{4E22DB09-FB01-484B-A886-C84F4E0B1535}.Release|iPhone.ActiveCfg = Release|Any CPU
		{4E22DB09-FB01-484B-A886-C84F4E0B1535}.Release|iPhone.Build.0 = Release|Any CPU
		{4E22DB09-FB01-484B-A886-C84F4E0B1535}.Release|iPhone.Deploy.0 = Release|Any CPU
		{4E22DB09-FB01-484B-A886-C84F4E0B1535}.Release|iPhoneSimulator.ActiveCfg = Release|Any CPU
		{4E22DB09-FB01-484B-A886-C84F4E0B1535}.Release|iPhoneSimulator.Build.0 = Release|Any CPU
		{4E22DB09-FB01-484B-A886-C84F4E0B1535}.Release|iPhoneSimulator.Deploy.0 = Release|Any CPU
	EndGlobalSection
	GlobalSection(SolutionProperties) = preSolution
		HideSolutionNode = FALSE
	EndGlobalSection
	GlobalSection(ExtensibilityGlobals) = postSolution
		SolutionGuid = {D20070EB-A1F6-49B8-8B52-7B468D2176DD}
	EndGlobalSection
EndGlobal
