
Microsoft Visual Studio Solution File, Format Version 12.00
# Visual Studio Version 16
VisualStudioVersion = 16.0.32510.428
MinimumVisualStudioVersion = 10.0.40219.1
Project("{FAE04EC0-301F-11D3-BF4B-00C04F79EFBC}") = "HelloWorldXamarin.Android", "HelloWorldXamarin.Android\HelloWorldXamarin.Android.csproj", "{83A61A97-F860-42AC-8CF0-ABDB1D254F93}"
EndProject
Project("{FAE04EC0-301F-11D3-BF4B-00C04F79EFBC}") = "HelloWorldXamarin.iOS", "HelloWorldXamarin.iOS\HelloWorldXamarin.iOS.csproj", "{44E36B70-D42E-4981-867B-EB5BDB7B6C5F}"
EndProject
Project("{FAE04EC0-301F-11D3-BF4B-00C04F79EFBC}") = "HelloWorldXamarin", "HelloWorldXamarin\HelloWorldXamarin.csproj", "{248E726C-CBAD-4DEB-BD1A-A2B37DF1BCFA}"
EndProject
Global
	GlobalSection(SolutionConfigurationPlatforms) = preSolution
		Debug|Any CPU = Debug|Any CPU
		Debug|iPhone = Debug|iPhone
		Debug|iPhoneSimulator = Debug|iPhoneSimulator
		Release|Any CPU = Release|Any CPU
		Release|iPhone = Release|iPhone
		Release|iPhoneSimulator = Release|iPhoneSimulator
	EndGlobalSection
	GlobalSection(ProjectConfigurationPlatforms) = postSolution
		{83A61A97-F860-42AC-8CF0-ABDB1D254F93}.Debug|Any CPU.ActiveCfg = Debug|Any CPU
		{83A61A97-F860-42AC-8CF0-ABDB1D254F93}.Debug|Any CPU.Build.0 = Debug|Any CPU
		{83A61A97-F860-42AC-8CF0-ABDB1D254F93}.Debug|Any CPU.Deploy.0 = Debug|Any CPU
		{83A61A97-F860-42AC-8CF0-ABDB1D254F93}.Debug|iPhone.ActiveCfg = Debug|Any CPU
		{83A61A97-F860-42AC-8CF0-ABDB1D254F93}.Debug|iPhone.Build.0 = Debug|Any CPU
		{83A61A97-F860-42AC-8CF0-ABDB1D254F93}.Debug|iPhone.Deploy.0 = Debug|Any CPU
		{83A61A97-F860-42AC-8CF0-ABDB1D254F93}.Debug|iPhoneSimulator.ActiveCfg = Debug|Any CPU
		{83A61A97-F860-42AC-8CF0-ABDB1D254F93}.Debug|iPhoneSimulator.Build.0 = Debug|Any CPU
		{83A61A97-F860-42AC-8CF0-ABDB1D254F93}.Debug|iPhoneSimulator.Deploy.0 = Debug|Any CPU
		{83A61A97-F860-42AC-8CF0-ABDB1D254F93}.Release|Any CPU.ActiveCfg = Release|Any CPU
		{83A61A97-F860-42AC-8CF0-ABDB1D254F93}.Release|Any CPU.Build.0 = Release|Any CPU
		{83A61A97-F860-42AC-8CF0-ABDB1D254F93}.Release|Any CPU.Deploy.0 = Release|Any CPU
		{83A61A97-F860-42AC-8CF0-ABDB1D254F93}.Release|iPhone.ActiveCfg = Release|Any CPU
		{83A61A97-F860-42AC-8CF0-ABDB1D254F93}.Release|iPhone.Build.0 = Release|Any CPU
		{83A61A97-F860-42AC-8CF0-ABDB1D254F93}.Release|iPhone.Deploy.0 = Release|Any CPU
		{83A61A97-F860-42AC-8CF0-ABDB1D254F93}.Release|iPhoneSimulator.ActiveCfg = Release|Any CPU
		{83A61A97-F860-42AC-8CF0-ABDB1D254F93}.Release|iPhoneSimulator.Build.0 = Release|Any CPU
		{83A61A97-F860-42AC-8CF0-ABDB1D254F93}.Release|iPhoneSimulator.Deploy.0 = Release|Any CPU
		{44E36B70-D42E-4981-867B-EB5BDB7B6C5F}.Debug|Any CPU.ActiveCfg = Debug|iPhone
		{44E36B70-D42E-4981-867B-EB5BDB7B6C5F}.Debug|Any CPU.Build.0 = Debug|iPhone
		{44E36B70-D42E-4981-867B-EB5BDB7B6C5F}.Debug|Any CPU.Deploy.0 = Debug|iPhone
		{44E36B70-D42E-4981-867B-EB5BDB7B6C5F}.Debug|iPhone.ActiveCfg = Debug|iPhone
		{44E36B70-D42E-4981-867B-EB5BDB7B6C5F}.Debug|iPhone.Build.0 = Debug|iPhone
		{44E36B70-D42E-4981-867B-EB5BDB7B6C5F}.Debug|iPhone.Deploy.0 = Debug|iPhone
		{44E36B70-D42E-4981-867B-EB5BDB7B6C5F}.Debug|iPhoneSimulator.ActiveCfg = Debug|iPhoneSimulator
		{44E36B70-D42E-4981-867B-EB5BDB7B6C5F}.Debug|iPhoneSimulator.Build.0 = Debug|iPhoneSimulator
		{44E36B70-D42E-4981-867B-EB5BDB7B6C5F}.Debug|iPhoneSimulator.Deploy.0 = Debug|iPhoneSimulator
		{44E36B70-D42E-4981-867B-EB5BDB7B6C5F}.Release|Any CPU.ActiveCfg = Release|iPhoneSimulator
		{44E36B70-D42E-4981-867B-EB5BDB7B6C5F}.Release|Any CPU.Build.0 = Release|iPhoneSimulator
		{44E36B70-D42E-4981-867B-EB5BDB7B6C5F}.Release|Any CPU.Deploy.0 = Release|iPhoneSimulator
		{44E36B70-D42E-4981-867B-EB5BDB7B6C5F}.Release|iPhone.ActiveCfg = Release|iPhone
		{44E36B70-D42E-4981-867B-EB5BDB7B6C5F}.Release|iPhone.Build.0 = Release|iPhone
		{44E36B70-D42E-4981-867B-EB5BDB7B6C5F}.Release|iPhone.Deploy.0 = Release|iPhone
		{44E36B70-D42E-4981-867B-EB5BDB7B6C5F}.Release|iPhoneSimulator.ActiveCfg = Release|iPhoneSimulator
		{44E36B70-D42E-4981-867B-EB5BDB7B6C5F}.Release|iPhoneSimulator.Build.0 = Release|iPhoneSimulator
		{44E36B70-D42E-4981-867B-EB5BDB7B6C5F}.Release|iPhoneSimulator.Deploy.0 = Release|iPhoneSimulator
		{248E726C-CBAD-4DEB-BD1A-A2B37DF1BCFA}.Debug|Any CPU.ActiveCfg = Debug|Any CPU
		{248E726C-CBAD-4DEB-BD1A-A2B37DF1BCFA}.Debug|Any CPU.Build.0 = Debug|Any CPU
		{248E726C-CBAD-4DEB-BD1A-A2B37DF1BCFA}.Debug|Any CPU.Deploy.0 = Debug|Any CPU
		{248E726C-CBAD-4DEB-BD1A-A2B37DF1BCFA}.Debug|iPhone.ActiveCfg = Debug|Any CPU
		{248E726C-CBAD-4DEB-BD1A-A2B37DF1BCFA}.Debug|iPhone.Build.0 = Debug|Any CPU
		{248E726C-CBAD-4DEB-BD1A-A2B37DF1BCFA}.Debug|iPhone.Deploy.0 = Debug|Any CPU
		{248E726C-CBAD-4DEB-BD1A-A2B37DF1BCFA}.Debug|iPhoneSimulator.ActiveCfg = Debug|Any CPU
		{248E726C-CBAD-4DEB-BD1A-A2B37DF1BCFA}.Debug|iPhoneSimulator.Build.0 = Debug|Any CPU
		{248E726C-CBAD-4DEB-BD1A-A2B37DF1BCFA}.Debug|iPhoneSimulator.Deploy.0 = Debug|Any CPU
		{248E726C-CBAD-4DEB-BD1A-A2B37DF1BCFA}.Release|Any CPU.ActiveCfg = Release|Any CPU
		{248E726C-CBAD-4DEB-BD1A-A2B37DF1BCFA}.Release|Any CPU.Build.0 = Release|Any CPU
		{248E726C-CBAD-4DEB-BD1A-A2B37DF1BCFA}.Release|Any CPU.Deploy.0 = Release|Any CPU
		{248E726C-CBAD-4DEB-BD1A-A2B37DF1BCFA}.Release|iPhone.ActiveCfg = Release|Any CPU
		{248E726C-CBAD-4DEB-BD1A-A2B37DF1BCFA}.Release|iPhone.Build.0 = Release|Any CPU
		{248E726C-CBAD-4DEB-BD1A-A2B37DF1BCFA}.Release|iPhone.Deploy.0 = Release|Any CPU
		{248E726C-CBAD-4DEB-BD1A-A2B37DF1BCFA}.Release|iPhoneSimulator.ActiveCfg = Release|Any CPU
		{248E726C-CBAD-4DEB-BD1A-A2B37DF1BCFA}.Release|iPhoneSimulator.Build.0 = Release|Any CPU
		{248E726C-CBAD-4DEB-BD1A-A2B37DF1BCFA}.Release|iPhoneSimulator.Deploy.0 = Release|Any CPU
	EndGlobalSection
	GlobalSection(SolutionProperties) = preSolution
		HideSolutionNode = FALSE
	EndGlobalSection
	GlobalSection(ExtensibilityGlobals) = postSolution
		SolutionGuid = {316A8ECA-1F6F-4BC1-8AC6-0E4736FADA2E}
	EndGlobalSection
EndGlobal
